
Microsoft Visual Studio Solution File, Format Version 12.00
# Visual Studio 14
VisualStudioVersion = 14.0.25123.0
MinimumVisualStudioVersion = 10.0.40219.1
Project("{2150E333-8FDC-42A3-9474-1A3956D46DE8}") = "Lesson10", "Lesson10", "{77B7B48C-E1E8-4D3C-A89C-904A9C1B8937}"
	ProjectSection(SolutionItems) = preProject
		Lesson10\acDetails.html = Lesson10\acDetails.html
		Lesson10\acSpeeds.html = Lesson10\acSpeeds.html
		Lesson10\acWeights.html = Lesson10\acWeights.html
		Lesson10\aircraftList.html = Lesson10\aircraftList.html
		Lesson10\app.html = Lesson10\app.html
		Lesson10\flightplan.html = Lesson10\flightplan.html
		Lesson10\Lesson10.html = Lesson10\Lesson10.html
		Lesson10\trackData.html = Lesson10\trackData.html
		Lesson10\windData.html = Lesson10\windData.html
	EndProjectSection
EndProject
Project("{2150E333-8FDC-42A3-9474-1A3956D46DE8}") = "app", "app", "{69A5A29D-0454-4BC0-90FC-B235E67D3661}"
	ProjectSection(SolutionItems) = preProject
		Lesson10\app\app.component.ts = Lesson10\app\app.component.ts
		Lesson10\app\main.ts = Lesson10\app\main.ts
	EndProjectSection
EndProject
Project("{2150E333-8FDC-42A3-9474-1A3956D46DE8}") = "aircraft", "aircraft", "{09DAA059-61A1-414E-BAE2-24D403C940EA}"
	ProjectSection(SolutionItems) = preProject
		Lesson10\app\aircraft\aircraft-detail.component.ts = Lesson10\app\aircraft\aircraft-detail.component.ts
		Lesson10\app\aircraft\aircraft-speeds.component.ts = Lesson10\app\aircraft\aircraft-speeds.component.ts
		Lesson10\app\aircraft\aircraft-weights.component.ts = Lesson10\app\aircraft\aircraft-weights.component.ts
		Lesson10\app\aircraft\aircraft.interface.ts = Lesson10\app\aircraft\aircraft.interface.ts
		Lesson10\app\aircraft\aircraftlist.component.ts = Lesson10\app\aircraft\aircraftlist.component.ts
	EndProjectSection
EndProject
Project("{2150E333-8FDC-42A3-9474-1A3956D46DE8}") = "planning", "planning", "{7737BE58-4847-4776-912E-8162DB1C7A9A}"
	ProjectSection(SolutionItems) = preProject
		Lesson10\app\planning\flightplanning.component.ts = Lesson10\app\planning\flightplanning.component.ts
		Lesson10\app\planning\flightplanning.validators.ts = Lesson10\app\planning\flightplanning.validators.ts
		Lesson10\app\planning\track.component.ts = Lesson10\app\planning\track.component.ts
		Lesson10\app\planning\wind.component.ts = Lesson10\app\planning\wind.component.ts
	EndProjectSection
EndProject
Project("{2150E333-8FDC-42A3-9474-1A3956D46DE8}") = "data", "data", "{7E131BBB-B01F-4471-8CEE-D46B9D6A27AB}"
	ProjectSection(SolutionItems) = preProject
		Lesson10\app\data\aircraft.types.ts = Lesson10\app\data\aircraft.types.ts
		Lesson10\app\data\app.routes.ts = Lesson10\app\data\app.routes.ts
		Lesson10\app\data\mock-aircraft-data.ts = Lesson10\app\data\mock-aircraft-data.ts
	EndProjectSection
EndProject
Project("{2150E333-8FDC-42A3-9474-1A3956D46DE8}") = "services", "services", "{4D8E11FE-3BCA-4326-8D7E-914D6E2BBF6A}"
	ProjectSection(SolutionItems) = preProject
		Lesson10\app\services\aircraft.service.ts = Lesson10\app\services\aircraft.service.ts
		Lesson10\app\services\track.service.ts = Lesson10\app\services\track.service.ts
		Lesson10\app\services\weather.service.ts = Lesson10\app\services\weather.service.ts
	EndProjectSection
EndProject
Project("{2150E333-8FDC-42A3-9474-1A3956D46DE8}") = "config", "config", "{E45B9C3E-C119-4DD8-BC8D-1C8A88E2BBA3}"
	ProjectSection(SolutionItems) = preProject
		package.json = package.json
		tsconfig.json = tsconfig.json
		tslint.json = tslint.json
		typings.json = typings.json
	EndProjectSection
EndProject
Project("{2150E333-8FDC-42A3-9474-1A3956D46DE8}") = "Lesson04", "Lesson04", "{2A6898E5-4C05-4098-B8D5-EB8A78E2FE76}"
	ProjectSection(SolutionItems) = preProject
		Lesson04\favicon.ico = Lesson04\favicon.ico
		Lesson04\lesson04.html = Lesson04\lesson04.html
		Lesson04\ReadMe.txt = Lesson04\ReadMe.txt
		Lesson04\styles.css = Lesson04\styles.css
	EndProjectSection
EndProject
Project("{2150E333-8FDC-42A3-9474-1A3956D46DE8}") = "app", "app", "{5B113164-2531-4578-ABAE-03A06F1206FA}"
	ProjectSection(SolutionItems) = preProject
		Lesson04\app\lesson04.component.ts = Lesson04\app\lesson04.component.ts
		Lesson04\app\main.ts = Lesson04\app\main.ts
	EndProjectSection
EndProject
Project("{2150E333-8FDC-42A3-9474-1A3956D46DE8}") = "views", "views", "{BD0A7700-BEEA-42E1-B93B-302AE972B81F}"
	ProjectSection(SolutionItems) = preProject
		Lesson04\views\templates.html = Lesson04\views\templates.html
	EndProjectSection
EndProject
Project("{2150E333-8FDC-42A3-9474-1A3956D46DE8}") = "Lesson06", "Lesson06", "{AA36830E-A916-442F-8D2E-329C9086D704}"
	ProjectSection(SolutionItems) = preProject
		Lesson06\favicon.ico = Lesson06\favicon.ico
		Lesson06\lesson06.html = Lesson06\lesson06.html
		Lesson06\lesson06A.html = Lesson06\lesson06A.html
		Lesson06\ReadMe.txt = Lesson06\ReadMe.txt
		Lesson06\styles.css = Lesson06\styles.css
	EndProjectSection
EndProject
Project("{2150E333-8FDC-42A3-9474-1A3956D46DE8}") = "app", "app", "{38A0E7C5-3B16-48A6-B8FB-0F8B94F73B84}"
	ProjectSection(SolutionItems) = preProject
		Lesson06\app\main.ts = Lesson06\app\main.ts
		Lesson06\app\xpGoogleMap.component.ts = Lesson06\app\xpGoogleMap.component.ts
	EndProjectSection
EndProject
Project("{2150E333-8FDC-42A3-9474-1A3956D46DE8}") = "views", "views", "{8D194FE4-132E-4940-87B3-24A300BBFCF6}"
	ProjectSection(SolutionItems) = preProject
		Lesson06\views\xpGoogleMap.html = Lesson06\views\xpGoogleMap.html
	EndProjectSection
EndProject
Project("{2150E333-8FDC-42A3-9474-1A3956D46DE8}") = "Solution Items", "Solution Items", "{65CCC39C-D4A6-482E-B923-76ECD192512A}"
	ProjectSection(SolutionItems) = preProject
		Index.html = Index.html
		package.json = package.json
		systemjs.config.js = systemjs.config.js
		tsconfig.json = tsconfig.json
		typings.json = typings.json
	EndProjectSection
EndProject
Project("{2150E333-8FDC-42A3-9474-1A3956D46DE8}") = "Lesson07", "Lesson07", "{336CA1C0-7D24-4A70-B2E5-55D59253D833}"
	ProjectSection(SolutionItems) = preProject
		Lesson07\favicon.ico = Lesson07\favicon.ico
		Lesson07\lesson07.html = Lesson07\lesson07.html
		Lesson07\ReadMe.txt = Lesson07\ReadMe.txt
		Lesson07\styles.css = Lesson07\styles.css
	EndProjectSection
EndProject
Project("{2150E333-8FDC-42A3-9474-1A3956D46DE8}") = "app", "app", "{844E8D44-9613-4D23-855D-17827B7B2285}"
	ProjectSection(SolutionItems) = preProject
		Lesson07\app\lesson07.component.ts = Lesson07\app\lesson07.component.ts
		Lesson07\app\main.ts = Lesson07\app\main.ts
	EndProjectSection
EndProject
Project("{2150E333-8FDC-42A3-9474-1A3956D46DE8}") = "views", "views", "{90F888A5-F5C3-4B7F-8854-C62470950F2A}"
	ProjectSection(SolutionItems) = preProject
		Lesson07\views\validation.html = Lesson07\views\validation.html
	EndProjectSection
EndProject
Project("{2150E333-8FDC-42A3-9474-1A3956D46DE8}") = "styles", "styles", "{084E60E1-A666-49E0-A9B7-4021B1379EF5}"
	ProjectSection(SolutionItems) = preProject
		Lesson10\styles\lesson10.styles.css = Lesson10\styles\lesson10.styles.css
	EndProjectSection
EndProject
Project("{2150E333-8FDC-42A3-9474-1A3956D46DE8}") = "Lesson08", "Lesson08", "{9656DE7F-AACF-4B37-9AF4-3F072F50DC59}"
	ProjectSection(SolutionItems) = preProject
		Lesson08\favicon.ico = Lesson08\favicon.ico
		Lesson08\lesson08.html = Lesson08\lesson08.html
		Lesson08\ReadMe.txt = Lesson08\ReadMe.txt
		Lesson08\styles.css = Lesson08\styles.css
	EndProjectSection
EndProject
Project("{2150E333-8FDC-42A3-9474-1A3956D46DE8}") = "app", "app", "{A372D65B-49F0-470E-9C4A-B24B1E212CAB}"
	ProjectSection(SolutionItems) = preProject
		Lesson08\app\lesson08.component.ts = Lesson08\app\lesson08.component.ts
		Lesson08\app\main.ts = Lesson08\app\main.ts
	EndProjectSection
EndProject
Project("{2150E333-8FDC-42A3-9474-1A3956D46DE8}") = "Lesson01", "Lesson01", "{DBE6A28D-F3C4-4B7D-9C6A-68C67B45B522}"
	ProjectSection(SolutionItems) = preProject
		Lesson01\favicon.ico = Lesson01\favicon.ico
		Lesson01\lesson01.html = Lesson01\lesson01.html
		Lesson01\ReadMe.txt = Lesson01\ReadMe.txt
		Lesson01\styles.css = Lesson01\styles.css
	EndProjectSection
EndProject
Project("{2150E333-8FDC-42A3-9474-1A3956D46DE8}") = "Lesson02", "Lesson02", "{58B64CEE-94B1-4107-9920-CCD464C899EE}"
	ProjectSection(SolutionItems) = preProject
		Lesson02\favicon.ico = Lesson02\favicon.ico
		Lesson02\index.html = Lesson02\index.html
		Lesson02\lesson02.html = Lesson02\lesson02.html
		Lesson02\ReadMe.txt = Lesson02\ReadMe.txt
		Lesson02\styles.css = Lesson02\styles.css
	EndProjectSection
EndProject
Project("{2150E333-8FDC-42A3-9474-1A3956D46DE8}") = "Lesson03", "Lesson03", "{681DA6AC-8002-47DA-A92F-450226A9DD5A}"
	ProjectSection(SolutionItems) = preProject
		Lesson03\favicon.ico = Lesson03\favicon.ico
		Lesson03\lesson03.html = Lesson03\lesson03.html
		Lesson03\ReadMe.txt = Lesson03\ReadMe.txt
		Lesson03\styles.css = Lesson03\styles.css
	EndProjectSection
EndProject
Project("{2150E333-8FDC-42A3-9474-1A3956D46DE8}") = "app", "app", "{92F76AF8-AA5D-4017-BE73-C68D3C3E7045}"
	ProjectSection(SolutionItems) = preProject
		Lesson01\app\lesson01.component.ts = Lesson01\app\lesson01.component.ts
		Lesson01\app\main.ts = Lesson01\app\main.ts
	EndProjectSection
EndProject
Project("{2150E333-8FDC-42A3-9474-1A3956D46DE8}") = "app", "app", "{9EDCEE1A-3F9A-4759-AF73-2E2F4CD7671F}"
	ProjectSection(SolutionItems) = preProject
		Lesson02\app\child.component.ts = Lesson02\app\child.component.ts
		Lesson02\app\grandchild.component.ts = Lesson02\app\grandchild.component.ts
		Lesson02\app\lesson02.component.ts = Lesson02\app\lesson02.component.ts
		Lesson02\app\main.ts = Lesson02\app\main.ts
		Lesson02\app\parent.component.ts = Lesson02\app\parent.component.ts
	EndProjectSection
EndProject
Project("{2150E333-8FDC-42A3-9474-1A3956D46DE8}") = "views", "views", "{E8862D3E-8674-4AE3-ABBB-E195D3AD6FF5}"
	ProjectSection(SolutionItems) = preProject
		Lesson02\views\parent.html = Lesson02\views\parent.html
	EndProjectSection
EndProject
Project("{2150E333-8FDC-42A3-9474-1A3956D46DE8}") = "app", "app", "{8002D48A-776E-43DE-A840-F2EDA8F7F5BC}"
	ProjectSection(SolutionItems) = preProject
		Lesson03\app\lesson03.component.ts = Lesson03\app\lesson03.component.ts
		Lesson03\app\main.ts = Lesson03\app\main.ts
	EndProjectSection
EndProject
Project("{2150E333-8FDC-42A3-9474-1A3956D46DE8}") = "views", "views", "{D004DF79-7BA9-4EBF-817A-D59BBE984A21}"
	ProjectSection(SolutionItems) = preProject
		Lesson03\views\iodemo.html = Lesson03\views\iodemo.html
	EndProjectSection
EndProject
Project("{2150E333-8FDC-42A3-9474-1A3956D46DE8}") = "views", "views", "{7203C86D-2155-448D-937E-1C3DB2F2FBA7}"
	ProjectSection(SolutionItems) = preProject
		Lesson08\views\boot-modal.html = Lesson08\views\boot-modal.html
	EndProjectSection
EndProject
Project("{2150E333-8FDC-42A3-9474-1A3956D46DE8}") = "Lesson05", "Lesson05", "{B7953D77-5FAD-4E04-8F4A-AF910CFE7137}"
	ProjectSection(SolutionItems) = preProject
		Lesson05\favicon.ico = Lesson05\favicon.ico
		Lesson05\lesson05.html = Lesson05\lesson05.html
		Lesson05\ReadMe.txt = Lesson05\ReadMe.txt
		Lesson05\styles.css = Lesson05\styles.css
	EndProjectSection
EndProject
Project("{2150E333-8FDC-42A3-9474-1A3956D46DE8}") = "app", "app", "{CF8A106D-E95D-48A8-A9E5-90B4952083CD}"
	ProjectSection(SolutionItems) = preProject
		Lesson05\app\app.routes.ts = Lesson05\app\app.routes.ts
		Lesson05\app\lesson05.component.ts = Lesson05\app\lesson05.component.ts
		Lesson05\app\ListA.ts = Lesson05\app\ListA.ts
		Lesson05\app\ListB.ts = Lesson05\app\ListB.ts
		Lesson05\app\main.ts = Lesson05\app\main.ts
		Lesson05\app\test.service.ts = Lesson05\app\test.service.ts
	EndProjectSection
EndProject
Project("{2150E333-8FDC-42A3-9474-1A3956D46DE8}") = "views", "views", "{ADAAF626-27E9-49A1-8594-0FB42005AAA7}"
	ProjectSection(SolutionItems) = preProject
		Lesson05\views\ListA.html = Lesson05\views\ListA.html
		Lesson05\views\ListB.html = Lesson05\views\ListB.html
		Lesson05\views\testservice.html = Lesson05\views\testservice.html
	EndProjectSection
EndProject
Global
	GlobalSection(SolutionProperties) = preSolution
		HideSolutionNode = FALSE
	EndGlobalSection
	GlobalSection(NestedProjects) = preSolution
		{69A5A29D-0454-4BC0-90FC-B235E67D3661} = {77B7B48C-E1E8-4D3C-A89C-904A9C1B8937}
		{09DAA059-61A1-414E-BAE2-24D403C940EA} = {69A5A29D-0454-4BC0-90FC-B235E67D3661}
		{7737BE58-4847-4776-912E-8162DB1C7A9A} = {69A5A29D-0454-4BC0-90FC-B235E67D3661}
		{7E131BBB-B01F-4471-8CEE-D46B9D6A27AB} = {69A5A29D-0454-4BC0-90FC-B235E67D3661}
		{4D8E11FE-3BCA-4326-8D7E-914D6E2BBF6A} = {69A5A29D-0454-4BC0-90FC-B235E67D3661}
		{5B113164-2531-4578-ABAE-03A06F1206FA} = {2A6898E5-4C05-4098-B8D5-EB8A78E2FE76}
		{BD0A7700-BEEA-42E1-B93B-302AE972B81F} = {2A6898E5-4C05-4098-B8D5-EB8A78E2FE76}
		{38A0E7C5-3B16-48A6-B8FB-0F8B94F73B84} = {AA36830E-A916-442F-8D2E-329C9086D704}
		{8D194FE4-132E-4940-87B3-24A300BBFCF6} = {AA36830E-A916-442F-8D2E-329C9086D704}
		{844E8D44-9613-4D23-855D-17827B7B2285} = {336CA1C0-7D24-4A70-B2E5-55D59253D833}
		{90F888A5-F5C3-4B7F-8854-C62470950F2A} = {336CA1C0-7D24-4A70-B2E5-55D59253D833}
		{084E60E1-A666-49E0-A9B7-4021B1379EF5} = {77B7B48C-E1E8-4D3C-A89C-904A9C1B8937}
		{A372D65B-49F0-470E-9C4A-B24B1E212CAB} = {9656DE7F-AACF-4B37-9AF4-3F072F50DC59}
		{92F76AF8-AA5D-4017-BE73-C68D3C3E7045} = {DBE6A28D-F3C4-4B7D-9C6A-68C67B45B522}
		{9EDCEE1A-3F9A-4759-AF73-2E2F4CD7671F} = {58B64CEE-94B1-4107-9920-CCD464C899EE}
		{E8862D3E-8674-4AE3-ABBB-E195D3AD6FF5} = {58B64CEE-94B1-4107-9920-CCD464C899EE}
		{8002D48A-776E-43DE-A840-F2EDA8F7F5BC} = {681DA6AC-8002-47DA-A92F-450226A9DD5A}
		{D004DF79-7BA9-4EBF-817A-D59BBE984A21} = {681DA6AC-8002-47DA-A92F-450226A9DD5A}
		{7203C86D-2155-448D-937E-1C3DB2F2FBA7} = {9656DE7F-AACF-4B37-9AF4-3F072F50DC59}
		{CF8A106D-E95D-48A8-A9E5-90B4952083CD} = {B7953D77-5FAD-4E04-8F4A-AF910CFE7137}
		{ADAAF626-27E9-49A1-8594-0FB42005AAA7} = {B7953D77-5FAD-4E04-8F4A-AF910CFE7137}
	EndGlobalSection
EndGlobal
